
Microsoft Visual Studio Solution File, Format Version 12.00
# Visual Studio Version 16
VisualStudioVersion = 16.0.31605.320
MinimumVisualStudioVersion = 10.0.40219.1
Project("{FAE04EC0-301F-11D3-BF4B-00C04F79EFBC}") = "OperatorOverloading", "OperatorOverloading\OperatorOverloading.csproj", "{FCA6B01B-3041-42A5-A96C-CE70C14EDDEA}"
EndProject
Global
	GlobalSection(SolutionConfigurationPlatforms) = preSolution
		Debug|Any CPU = Debug|Any CPU
		Release|Any CPU = Release|Any CPU
	EndGlobalSection
	GlobalSection(ProjectConfigurationPlatforms) = postSolution
		{FCA6B01B-3041-42A5-A96C-CE70C14EDDEA}.Debug|Any CPU.ActiveCfg = Debug|Any CPU
		{FCA6B01B-3041-42A5-A96C-CE70C14EDDEA}.Debug|Any CPU.Build.0 = Debug|Any CPU
		{FCA6B01B-3041-42A5-A96C-CE70C14EDDEA}.Release|Any CPU.ActiveCfg = Release|Any CPU
		{FCA6B01B-3041-42A5-A96C-CE70C14EDDEA}.Release|Any CPU.Build.0 = Release|Any CPU
	EndGlobalSection
	GlobalSection(SolutionProperties) = preSolution
		HideSolutionNode = FALSE
	EndGlobalSection
	GlobalSection(ExtensibilityGlobals) = postSolution
		SolutionGuid = {4295CB9B-45DF-4EF6-B2C9-3CFA2C468E61}
	EndGlobalSection
EndGlobal
