
Microsoft Visual Studio Solution File, Format Version 12.00
# Visual Studio Version 16
VisualStudioVersion = 16.0.31605.320
MinimumVisualStudioVersion = 10.0.40219.1
Project("{FAE04EC0-301F-11D3-BF4B-00C04F79EFBC}") = "DaysOfTheWeek", "DaysOfTheWeek\DaysOfTheWeek.csproj", "{ADEF7903-4FAF-4F30-B09E-C58529DEAFDF}"
EndProject
Global
	GlobalSection(SolutionConfigurationPlatforms) = preSolution
		Debug|Any CPU = Debug|Any CPU
		Release|Any CPU = Release|Any CPU
	EndGlobalSection
	GlobalSection(ProjectConfigurationPlatforms) = postSolution
		{ADEF7903-4FAF-4F30-B09E-C58529DEAFDF}.Debug|Any CPU.ActiveCfg = Debug|Any CPU
		{ADEF7903-4FAF-4F30-B09E-C58529DEAFDF}.Debug|Any CPU.Build.0 = Debug|Any CPU
		{ADEF7903-4FAF-4F30-B09E-C58529DEAFDF}.Release|Any CPU.ActiveCfg = Release|Any CPU
		{ADEF7903-4FAF-4F30-B09E-C58529DEAFDF}.Release|Any CPU.Build.0 = Release|Any CPU
	EndGlobalSection
	GlobalSection(SolutionProperties) = preSolution
		HideSolutionNode = FALSE
	EndGlobalSection
	GlobalSection(ExtensibilityGlobals) = postSolution
		SolutionGuid = {2B9FE21C-10DD-4DE1-9136-EB5F7F9BEB0D}
	EndGlobalSection
EndGlobal
