
Microsoft Visual Studio Solution File, Format Version 12.00
# Visual Studio Version 16
VisualStudioVersion = 16.0.31515.178
MinimumVisualStudioVersion = 10.0.40219.1
Project("{FAE04EC0-301F-11D3-BF4B-00C04F79EFBC}") = "MathOperations", "MathOperations\MathOperations.csproj", "{57415A31-54D6-4E8D-BAF7-0EEAC85D0D3C}"
EndProject
Global
	GlobalSection(SolutionConfigurationPlatforms) = preSolution
		Debug|Any CPU = Debug|Any CPU
		Release|Any CPU = Release|Any CPU
	EndGlobalSection
	GlobalSection(ProjectConfigurationPlatforms) = postSolution
		{57415A31-54D6-4E8D-BAF7-0EEAC85D0D3C}.Debug|Any CPU.ActiveCfg = Debug|Any CPU
		{57415A31-54D6-4E8D-BAF7-0EEAC85D0D3C}.Debug|Any CPU.Build.0 = Debug|Any CPU
		{57415A31-54D6-4E8D-BAF7-0EEAC85D0D3C}.Release|Any CPU.ActiveCfg = Release|Any CPU
		{57415A31-54D6-4E8D-BAF7-0EEAC85D0D3C}.Release|Any CPU.Build.0 = Release|Any CPU
	EndGlobalSection
	GlobalSection(SolutionProperties) = preSolution
		HideSolutionNode = FALSE
	EndGlobalSection
	GlobalSection(ExtensibilityGlobals) = postSolution
		SolutionGuid = {49921968-561A-4B28-AD5A-BCCC25A34552}
	EndGlobalSection
EndGlobal
