
Microsoft Visual Studio Solution File, Format Version 12.00
# Visual Studio Version 16
VisualStudioVersion = 16.0.31605.320
MinimumVisualStudioVersion = 10.0.40219.1
Project("{FAE04EC0-301F-11D3-BF4B-00C04F79EFBC}") = "MainMethod", "MainMethod\MainMethod.csproj", "{CEF00F75-2190-4365-82CC-2ED89C30C4E6}"
EndProject
Global
	GlobalSection(SolutionConfigurationPlatforms) = preSolution
		Debug|Any CPU = Debug|Any CPU
		Release|Any CPU = Release|Any CPU
	EndGlobalSection
	GlobalSection(ProjectConfigurationPlatforms) = postSolution
		{CEF00F75-2190-4365-82CC-2ED89C30C4E6}.Debug|Any CPU.ActiveCfg = Debug|Any CPU
		{CEF00F75-2190-4365-82CC-2ED89C30C4E6}.Debug|Any CPU.Build.0 = Debug|Any CPU
		{CEF00F75-2190-4365-82CC-2ED89C30C4E6}.Release|Any CPU.ActiveCfg = Release|Any CPU
		{CEF00F75-2190-4365-82CC-2ED89C30C4E6}.Release|Any CPU.Build.0 = Release|Any CPU
	EndGlobalSection
	GlobalSection(SolutionProperties) = preSolution
		HideSolutionNode = FALSE
	EndGlobalSection
	GlobalSection(ExtensibilityGlobals) = postSolution
		SolutionGuid = {2ABD22E6-F3E1-4BA7-9EE8-C6D6AA2E9D9C}
	EndGlobalSection
EndGlobal
