
Microsoft Visual Studio Solution File, Format Version 12.00
# Visual Studio Version 16
VisualStudioVersion = 16.0.31605.320
MinimumVisualStudioVersion = 10.0.40219.1
Project("{FAE04EC0-301F-11D3-BF4B-00C04F79EFBC}") = "IndexPicker", "IndexPicker\IndexPicker.csproj", "{3EC9F2CA-2D8C-471A-B095-10FBA34D9EE6}"
EndProject
Global
	GlobalSection(SolutionConfigurationPlatforms) = preSolution
		Debug|Any CPU = Debug|Any CPU
		Release|Any CPU = Release|Any CPU
	EndGlobalSection
	GlobalSection(ProjectConfigurationPlatforms) = postSolution
		{3EC9F2CA-2D8C-471A-B095-10FBA34D9EE6}.Debug|Any CPU.ActiveCfg = Debug|Any CPU
		{3EC9F2CA-2D8C-471A-B095-10FBA34D9EE6}.Debug|Any CPU.Build.0 = Debug|Any CPU
		{3EC9F2CA-2D8C-471A-B095-10FBA34D9EE6}.Release|Any CPU.ActiveCfg = Release|Any CPU
		{3EC9F2CA-2D8C-471A-B095-10FBA34D9EE6}.Release|Any CPU.Build.0 = Release|Any CPU
	EndGlobalSection
	GlobalSection(SolutionProperties) = preSolution
		HideSolutionNode = FALSE
	EndGlobalSection
	GlobalSection(ExtensibilityGlobals) = postSolution
		SolutionGuid = {59D46EA5-7DE3-4AF3-8F36-F14821D4AE1D}
	EndGlobalSection
EndGlobal
